
Microsoft Visual Studio Solution File, Format Version 12.00
# Visual Studio 15
VisualStudioVersion = 15.0.26430.16
MinimumVisualStudioVersion = 10.0.40219.1
Project("{2150E333-8FDC-42A3-9474-1A3956D46DE8}") = "Common", "Common", "{A4ADE11F-38F9-45DD-AF22-39570527D293}"
EndProject
Project("{FAE04EC0-301F-11D3-BF4B-00C04F79EFBC}") = "_Me20.Common", "Me20.Common\_Me20.Common.csproj", "{C8A1B674-D67F-4E24-B2F7-6434718A23EC}"
EndProject
Project("{2150E333-8FDC-42A3-9474-1A3956D46DE8}") = "Identity", "Identity", "{0DC9CA79-6E15-441E-9C56-54235D8A65BC}"
EndProject
Project("{FAE04EC0-301F-11D3-BF4B-00C04F79EFBC}") = "_Me20.Identity", "Me20.Identity\_Me20.Identity.csproj", "{C71564D2-7ACE-4239-BC3C-5C7E05CEBD90}"
EndProject
Project("{FAE04EC0-301F-11D3-BF4B-00C04F79EFBC}") = "_Me20.Core", "Me20.Core\_Me20.Core.csproj", "{6CC20C38-67CB-4231-90F3-CE9B15045164}"
EndProject
Project("{2150E333-8FDC-42A3-9474-1A3956D46DE8}") = "Content", "Content", "{2264CAFD-19B0-4CF9-A1F4-EBEDB13E9289}"
EndProject
Project("{FAE04EC0-301F-11D3-BF4B-00C04F79EFBC}") = "_Me20.Content", "Me20.Content\_Me20.Content.csproj", "{5DECEAEA-D621-4DB8-8741-4A7A70633C2D}"
EndProject
Project("{FAE04EC0-301F-11D3-BF4B-00C04F79EFBC}") = "Me20.Bot", "Me20.Bot\Me20.Bot.csproj", "{33C9365E-263F-44AA-A343-23C4F223EA12}"
EndProject
Project("{2150E333-8FDC-42A3-9474-1A3956D46DE8}") = "OldImplementations", "OldImplementations", "{295DFFA3-024B-4F8F-BA67-B8D159527EE9}"
EndProject
Project("{FAE04EC0-301F-11D3-BF4B-00C04F79EFBC}") = "Me20.Shared", "Me20.Shared\Me20.Shared.csproj", "{B19ED7DA-E8F6-4DA9-B8CC-99AB78A4A9EE}"
EndProject
Project("{FAE04EC0-301F-11D3-BF4B-00C04F79EFBC}") = "Me20.ApiGateway", "Me20.ApiGateway\Me20.ApiGateway.csproj", "{179166D3-5C77-437B-B2A0-5A21CE766DA1}"
	ProjectSection(ProjectDependencies) = postProject
		{F43C2D0F-5716-4C03-979D-D41FAA5E9ED2} = {F43C2D0F-5716-4C03-979D-D41FAA5E9ED2}
		{B8316722-A895-4D3E-9F83-47835F153163} = {B8316722-A895-4D3E-9F83-47835F153163}
		{B19ED7DA-E8F6-4DA9-B8CC-99AB78A4A9EE} = {B19ED7DA-E8F6-4DA9-B8CC-99AB78A4A9EE}
	EndProjectSection
EndProject
Project("{FAE04EC0-301F-11D3-BF4B-00C04F79EFBC}") = "Me20.IdentityActors", "Me20.IdentityActors\Me20.IdentityActors.csproj", "{B8316722-A895-4D3E-9F83-47835F153163}"
	ProjectSection(ProjectDependencies) = postProject
		{B19ED7DA-E8F6-4DA9-B8CC-99AB78A4A9EE} = {B19ED7DA-E8F6-4DA9-B8CC-99AB78A4A9EE}
	EndProjectSection
EndProject
Project("{FAE04EC0-301F-11D3-BF4B-00C04F79EFBC}") = "Me20.ActorModel", "Me20.ActorModel\Me20.ActorModel.csproj", "{F43C2D0F-5716-4C03-979D-D41FAA5E9ED2}"
	ProjectSection(ProjectDependencies) = postProject
		{B8316722-A895-4D3E-9F83-47835F153163} = {B8316722-A895-4D3E-9F83-47835F153163}
		{B19ED7DA-E8F6-4DA9-B8CC-99AB78A4A9EE} = {B19ED7DA-E8F6-4DA9-B8CC-99AB78A4A9EE}
	EndProjectSection
EndProject
Project("{FAE04EC0-301F-11D3-BF4B-00C04F79EFBC}") = "Me20.DAL", "Me20.DAL\Me20.DAL.csproj", "{56567AEC-41CD-4C70-A12F-31CB52F7EEB2}"
EndProject
Project("{FAE04EC0-301F-11D3-BF4B-00C04F79EFBC}") = "Me20.Contracts", "Me20.Contracts\Me20.Contracts.csproj", "{C1D9AF78-12C6-4511-B779-52C84A4F1887}"
EndProject
Project("{FAE04EC0-301F-11D3-BF4B-00C04F79EFBC}") = "Me20.Contracts.Actors", "Me20.Contracts.Actors\Me20.Contracts.Actors.csproj", "{B2D4336D-E41F-4EFD-B41D-940A6B335AA7}"
EndProject
Project("{FAE04EC0-301F-11D3-BF4B-00C04F79EFBC}") = "Me20.Content.WriteService", "Me20.Content.WriteService\Me20.Content.WriteService.csproj", "{F5333290-F8CA-4314-8B1B-C43C706DB610}"
EndProject
Global
	GlobalSection(SolutionConfigurationPlatforms) = preSolution
		Debug|Any CPU = Debug|Any CPU
		Release|Any CPU = Release|Any CPU
	EndGlobalSection
	GlobalSection(ProjectConfigurationPlatforms) = postSolution
		{C8A1B674-D67F-4E24-B2F7-6434718A23EC}.Debug|Any CPU.ActiveCfg = Debug|Any CPU
		{C8A1B674-D67F-4E24-B2F7-6434718A23EC}.Debug|Any CPU.Build.0 = Debug|Any CPU
		{C8A1B674-D67F-4E24-B2F7-6434718A23EC}.Release|Any CPU.ActiveCfg = Release|Any CPU
		{C8A1B674-D67F-4E24-B2F7-6434718A23EC}.Release|Any CPU.Build.0 = Release|Any CPU
		{C71564D2-7ACE-4239-BC3C-5C7E05CEBD90}.Debug|Any CPU.ActiveCfg = Debug|Any CPU
		{C71564D2-7ACE-4239-BC3C-5C7E05CEBD90}.Debug|Any CPU.Build.0 = Debug|Any CPU
		{C71564D2-7ACE-4239-BC3C-5C7E05CEBD90}.Release|Any CPU.ActiveCfg = Release|Any CPU
		{C71564D2-7ACE-4239-BC3C-5C7E05CEBD90}.Release|Any CPU.Build.0 = Release|Any CPU
		{6CC20C38-67CB-4231-90F3-CE9B15045164}.Debug|Any CPU.ActiveCfg = Debug|Any CPU
		{6CC20C38-67CB-4231-90F3-CE9B15045164}.Debug|Any CPU.Build.0 = Debug|Any CPU
		{6CC20C38-67CB-4231-90F3-CE9B15045164}.Release|Any CPU.ActiveCfg = Release|Any CPU
		{6CC20C38-67CB-4231-90F3-CE9B15045164}.Release|Any CPU.Build.0 = Release|Any CPU
		{5DECEAEA-D621-4DB8-8741-4A7A70633C2D}.Debug|Any CPU.ActiveCfg = Debug|Any CPU
		{5DECEAEA-D621-4DB8-8741-4A7A70633C2D}.Debug|Any CPU.Build.0 = Debug|Any CPU
		{5DECEAEA-D621-4DB8-8741-4A7A70633C2D}.Release|Any CPU.ActiveCfg = Release|Any CPU
		{5DECEAEA-D621-4DB8-8741-4A7A70633C2D}.Release|Any CPU.Build.0 = Release|Any CPU
		{33C9365E-263F-44AA-A343-23C4F223EA12}.Debug|Any CPU.ActiveCfg = Debug|Any CPU
		{33C9365E-263F-44AA-A343-23C4F223EA12}.Debug|Any CPU.Build.0 = Debug|Any CPU
		{33C9365E-263F-44AA-A343-23C4F223EA12}.Release|Any CPU.ActiveCfg = Release|Any CPU
		{33C9365E-263F-44AA-A343-23C4F223EA12}.Release|Any CPU.Build.0 = Release|Any CPU
		{B19ED7DA-E8F6-4DA9-B8CC-99AB78A4A9EE}.Debug|Any CPU.ActiveCfg = Debug|Any CPU
		{B19ED7DA-E8F6-4DA9-B8CC-99AB78A4A9EE}.Debug|Any CPU.Build.0 = Debug|Any CPU
		{B19ED7DA-E8F6-4DA9-B8CC-99AB78A4A9EE}.Release|Any CPU.ActiveCfg = Release|Any CPU
		{B19ED7DA-E8F6-4DA9-B8CC-99AB78A4A9EE}.Release|Any CPU.Build.0 = Release|Any CPU
		{179166D3-5C77-437B-B2A0-5A21CE766DA1}.Debug|Any CPU.ActiveCfg = Debug|Any CPU
		{179166D3-5C77-437B-B2A0-5A21CE766DA1}.Debug|Any CPU.Build.0 = Debug|Any CPU
		{179166D3-5C77-437B-B2A0-5A21CE766DA1}.Release|Any CPU.ActiveCfg = Release|Any CPU
		{179166D3-5C77-437B-B2A0-5A21CE766DA1}.Release|Any CPU.Build.0 = Release|Any CPU
		{B8316722-A895-4D3E-9F83-47835F153163}.Debug|Any CPU.ActiveCfg = Debug|Any CPU
		{B8316722-A895-4D3E-9F83-47835F153163}.Debug|Any CPU.Build.0 = Debug|Any CPU
		{B8316722-A895-4D3E-9F83-47835F153163}.Release|Any CPU.ActiveCfg = Release|Any CPU
		{B8316722-A895-4D3E-9F83-47835F153163}.Release|Any CPU.Build.0 = Release|Any CPU
		{F43C2D0F-5716-4C03-979D-D41FAA5E9ED2}.Debug|Any CPU.ActiveCfg = Debug|Any CPU
		{F43C2D0F-5716-4C03-979D-D41FAA5E9ED2}.Debug|Any CPU.Build.0 = Debug|Any CPU
		{F43C2D0F-5716-4C03-979D-D41FAA5E9ED2}.Release|Any CPU.ActiveCfg = Release|Any CPU
		{F43C2D0F-5716-4C03-979D-D41FAA5E9ED2}.Release|Any CPU.Build.0 = Release|Any CPU
		{56567AEC-41CD-4C70-A12F-31CB52F7EEB2}.Debug|Any CPU.ActiveCfg = Debug|Any CPU
		{56567AEC-41CD-4C70-A12F-31CB52F7EEB2}.Debug|Any CPU.Build.0 = Debug|Any CPU
		{56567AEC-41CD-4C70-A12F-31CB52F7EEB2}.Release|Any CPU.ActiveCfg = Release|Any CPU
		{56567AEC-41CD-4C70-A12F-31CB52F7EEB2}.Release|Any CPU.Build.0 = Release|Any CPU
		{C1D9AF78-12C6-4511-B779-52C84A4F1887}.Debug|Any CPU.ActiveCfg = Debug|Any CPU
		{C1D9AF78-12C6-4511-B779-52C84A4F1887}.Debug|Any CPU.Build.0 = Debug|Any CPU
		{C1D9AF78-12C6-4511-B779-52C84A4F1887}.Release|Any CPU.ActiveCfg = Release|Any CPU
		{C1D9AF78-12C6-4511-B779-52C84A4F1887}.Release|Any CPU.Build.0 = Release|Any CPU
		{B2D4336D-E41F-4EFD-B41D-940A6B335AA7}.Debug|Any CPU.ActiveCfg = Debug|Any CPU
		{B2D4336D-E41F-4EFD-B41D-940A6B335AA7}.Debug|Any CPU.Build.0 = Debug|Any CPU
		{B2D4336D-E41F-4EFD-B41D-940A6B335AA7}.Release|Any CPU.ActiveCfg = Release|Any CPU
		{B2D4336D-E41F-4EFD-B41D-940A6B335AA7}.Release|Any CPU.Build.0 = Release|Any CPU
		{F5333290-F8CA-4314-8B1B-C43C706DB610}.Debug|Any CPU.ActiveCfg = Debug|Any CPU
		{F5333290-F8CA-4314-8B1B-C43C706DB610}.Debug|Any CPU.Build.0 = Debug|Any CPU
		{F5333290-F8CA-4314-8B1B-C43C706DB610}.Release|Any CPU.ActiveCfg = Release|Any CPU
		{F5333290-F8CA-4314-8B1B-C43C706DB610}.Release|Any CPU.Build.0 = Release|Any CPU
	EndGlobalSection
	GlobalSection(SolutionProperties) = preSolution
		HideSolutionNode = FALSE
	EndGlobalSection
	GlobalSection(NestedProjects) = preSolution
		{A4ADE11F-38F9-45DD-AF22-39570527D293} = {295DFFA3-024B-4F8F-BA67-B8D159527EE9}
		{C8A1B674-D67F-4E24-B2F7-6434718A23EC} = {A4ADE11F-38F9-45DD-AF22-39570527D293}
		{0DC9CA79-6E15-441E-9C56-54235D8A65BC} = {295DFFA3-024B-4F8F-BA67-B8D159527EE9}
		{C71564D2-7ACE-4239-BC3C-5C7E05CEBD90} = {0DC9CA79-6E15-441E-9C56-54235D8A65BC}
		{6CC20C38-67CB-4231-90F3-CE9B15045164} = {295DFFA3-024B-4F8F-BA67-B8D159527EE9}
		{2264CAFD-19B0-4CF9-A1F4-EBEDB13E9289} = {295DFFA3-024B-4F8F-BA67-B8D159527EE9}
		{5DECEAEA-D621-4DB8-8741-4A7A70633C2D} = {2264CAFD-19B0-4CF9-A1F4-EBEDB13E9289}
		{33C9365E-263F-44AA-A343-23C4F223EA12} = {295DFFA3-024B-4F8F-BA67-B8D159527EE9}
	EndGlobalSection
EndGlobal
